{
    "name": "ios-news-bot",
    "version": "0.0.1",
    "lockfileVersion": 1,
    "requires": true,
    "dependencies": {
        "bindings": {
            "version": "1.2.1",
            "resolved": "https://registry.npmjs.org/bindings/-/bindings-1.2.1.tgz",
            "integrity": "sha1-FK1hE4EtLTfXLme0ystLtyZQXxE="
        },
        "libxmljs-mt": {
            "version": "0.18.0",
            "resolved": "https://registry.npmjs.org/libxmljs-mt/-/libxmljs-mt-0.18.0.tgz",
            "integrity": "sha1-3JTqzDizjI49iiQS77jkcbU4hsE=",
            "requires": {
                "bindings": "1.2.1",
                "nan": "2.11.1"
            }
        },
        "libxslt": {
            "version": "0.7.0",
            "resolved": "https://registry.npmjs.org/libxslt/-/libxslt-0.7.0.tgz",
            "integrity": "sha512-lVzTGnCWVdSnLkMp7DIWt1dLsNp7XACvG4K/7XC65hrflm96aFKtc3vVN0JJxjToDRphnVwGHrFWLmIT3GKqGA==",
            "requires": {
                "bindings": "1.2.1",
                "libxmljs-mt": "0.18.0",
                "nan": "2.11.1"
            }
        },
        "nan": {
            "version": "2.11.1",
            "resolved": "https://registry.npmjs.org/nan/-/nan-2.11.1.tgz",
            "integrity": "sha512-iji6k87OSXa0CcrLl9z+ZiYSuR2o+c0bGuNmXdrhTQTakxytAFsC56SArGYoiHlJlFoHSnvmhpceZJaXkVuOtA=="
        }
    }
}
